{
    "_meta": {
        "hash": {
            "sha256": "a1a46cd141e1bf5e8cb46e855de1564d2b18b64a9eeedbd5ac109c7b5d4dac67"
        },
        "pipfile-spec": 6,
        "requires": {
            "python_version": "3.10"
        },
        "sources": [
            {
                "name": "pypi",
                "url": "https://pypi.org/simple",
                "verify_ssl": true
            }
        ]
    },
    "default": {
        "beautifulsoup4": {
            "hashes": [
                "sha256:58d5c3d29f5a36ffeb94f02f0d786cd53014cf9b3b3951d42e0080d8a9498d30",
                "sha256:ad9aa55b65ef2808eb405f46cf74df7fcb7044d5cbc26487f96eb2ef2e436693"
            ],
            "markers": "python_version >= '3.6'",
            "version": "==4.11.1"
        },
        "bs4": {
            "hashes": [
                "sha256:36ecea1fd7cc5c0c6e4a1ff075df26d50da647b75376626cc186e2212886dd3a"
            ],
            "index": "pypi",
            "version": "==0.0.1"
        },
        "certifi": {
            "hashes": [
                "sha256:35824b4c3a97115964b408844d64aa14db1cc518f6562e8d7261699d1350a9e3",
                "sha256:4ad3232f5e926d6718ec31cfc1fcadfde020920e278684144551c91769c7bc18"
            ],
            "markers": "python_version >= '3.6'",
            "version": "==2022.12.7"
        },
        "charset-normalizer": {
            "hashes": [
                "sha256:5a3d016c7c547f69d6f81fb0db9449ce888b418b5b9952cc5e6e66843e9dd845",
                "sha256:83e9a75d1911279afd89352c68b45348559d1fc0506b054b346651b5e7fee29f"
            ],
            "markers": "python_version >= '3.6'",
            "version": "==2.1.1"
        },
        "idna": {
            "hashes": [
                "sha256:814f528e8dead7d329833b91c5faa87d60bf71824cd12a7530b5526063d02cb4",
                "sha256:90b77e79eaa3eba6de819a0c442c0b4ceefc341a7a2ab77d7562bf49f425c5c2"
            ],
            "markers": "python_version >= '3.5'",
            "version": "==3.4"
        },
        "levenshtein": {
            "hashes": [
                "sha256:0385d69ccca8bc1a091e1071357b8610af758af8968ed32bedcedf96c51a6bb9",
                "sha256:07836b04b628f9db65f24c34bb63fb453723aadf00b45e093384108ec05ba545",
                "sha256:079a216a55a3735f59661e0b25ff3a2122e18a710682d88e0d7576bff594f547",
                "sha256:085e7a8f5d8a2d71790f2c16363dbd15bdc6b2d66bb12adfeef453d9436fc641",
                "sha256:0e8c505bfb2b64d4d14a6e9f9d115877d150a398a09a97b7827df4711f1e5b4b",
                "sha256:130404e7a917c3ba80879cd8fcdd6f6e84e2cdc3018cd225d95fea906be8d8fa",
                "sha256:1481916946b50c7c80d4d318e290392614a07f9fcc612aadf3c6ce2c685ccbe9",
                "sha256:153ff8e7491f80b72250cabce926922d3d4a623d0846602a3f4fef974c3e7f4d",
                "sha256:204e8454d9f0be127ae21f0ff05506ed6785937c78d4ed8597504283675fdd79",
                "sha256:24ffa06dd1a348b45584a192a86ff5ae8233d1c1cea4bd49fa9243485b8cf838",
                "sha256:2c38b1005e6b7fe62dfc50c56bd0b7fc85688a7197f6a116459a3107461472e2",
                "sha256:2c8995f69db76b6c9fc113dc65b9b17a1f04f718f2c18203f6c0ac84a07462c7",
                "sha256:2e3eb8e529cad2419d3f4bbb9f5fa0ea845c142b5e17a59c3f4ffe82b1ebfa29",
                "sha256:2ed457334940a0dff6617e86f7df6b3ff64aa9f5a0571c7bd889228f6a9863f6",
                "sha256:2f586f3b192805ee19fb56bed803d05966ef0edc544822e934bb106f688d427b",
                "sha256:3512354f28a13e680c5d7e83e9edc23afa5b807895db7933efb0be3fee3d50e1",
                "sha256:36a479f799613479871da1ed221b7099cb77caf5b060fa9eb916d5b90c0ae206",
                "sha256:3a57710c9c35cf41df77f4eb24ae5e9568a2d9fba3010ace657a8ec7d044c871",
                "sha256:3bf05b99f268330a833f4749b35bf84a31985ae2a52d228207efa3e2863ba832",
                "sha256:3f8d2d36c1d8ad9a699b1b41948c08161d4c645921ddb643b1d478b8457c859a",
                "sha256:404d30d0d4b36ea504b30c508107327fa06b2cdae88291d1864b236744858ac5",
                "sha256:43505eb89a80ea529c019391809c6fbf552eb5b4a5e34780c842b0f324d2b769",
                "sha256:438d95ca36c8d277fb0cb078eab227173e1a59c6742cdb6dd97f106106e38ffd",
                "sha256:4619c165f1fe1048fc22065290b779ac3903d0d75b0fb2c600abc3913993036c",
                "sha256:477265c6ba07bb01f96e64fe427ec51f63872dcb345f6340f5e5c7403e367282",
                "sha256:49bbdd707f435ad0c0e8c2727dd07233ff1db52ac607f9a67f18bf1eb275de66",
                "sha256:4d61ed0b452fb6456be49ab1b9b2f1d6366db611a8c71a2fecab37118010e6c5",
                "sha256:5201b798e0905adab04c8b9d6ff5dd6cae13456b3e390fcd099991ce4fd32967",
                "sha256:55baa3498b31ceb62b54e5278e6f5830b4748b4709fa291e91b7d022f9bef63a",
                "sha256:59a9067d5a9b63ec5ce7e23624dfe2c26438deecb3e46103fa68c72baef544ec",
                "sha256:59da44a59861f60b049178a56c9d723d7181c5e2e6adf04bf54120c2d1d589a1",
                "sha256:5bc69cbb75c502492666fd45b345e3f31a8a709b4019146cfc19f331fe1f6b38",
                "sha256:5d8cb2b06d8e7683c321e20740385545447cb2faf2286e2817ca03745354bf0c",
                "sha256:6456643a8c5de3ced585d9fd4fba8ae78a3b7860bed7a670f76e7a7865b34c78",
                "sha256:65dc11345ac7d4c13f2392ec3610c392498500a7ba6455408abdd129becea41f",
                "sha256:675a91e9020a24c53301de11cd4b9b9b07827f93e2ddb56187c7ba2eede58dbc",
                "sha256:6b3745a6c1dee2178feab4e37ee46669ea2a7b8122eb63803e96547fff9bf1fc",
                "sha256:6b7d71485f4bf92d5cddfdb91a82a0308a7a6b6a216887de44ecdab0c0495ca1",
                "sha256:6c587c15278877e6974f2899c2bc15e561f762a71c2b8d8771de88c650738d87",
                "sha256:6cf9c8a45ce9fd60ff0fcdd5cfa44c83f2d2a0188c9e85d7eef36579919cb574",
                "sha256:71f0c835dc7a8fd7a8b94374bb60ad238fbf7a4264f40868ec4d884130b8d96f",
                "sha256:72ac6ae6581a586ef7f325413d4f87c39dc5e50734c5731586c73c7f837af8fc",
                "sha256:73f9db6a178a926c15dd1a8c9ccd810407c3eaddbfc2145f68242b55e238fd85",
                "sha256:744d374f8227624028642d078ae4692f73e9e53b0ff87d25232e75abe842b00c",
                "sha256:7677c9abbeff907bbd7869e33e47874e6ecf6e4341298e968c9e3dbf4c344765",
                "sha256:76ee654d6a741e43039094c9c68396f952d48c4b74d4da1450c87b77db5a7f83",
                "sha256:7a9622d9bba7173df575cbfc4bc0a0d929d1733e1eeac85829e4f1ad21a24de5",
                "sha256:7b42a6470ee44e80332acc95ed55890d12b5f27676a942e0c268b0092569f06c",
                "sha256:7d8cb8a401633ff6210c2fe4cd5a1410b26cef47f42e0e1ab3563c5f94975c4c",
                "sha256:7dc85e9d8a74af873621d2b26e04aa1f41e02588a98dc859bc448e5c04aebb2a",
                "sha256:7fae73b02e929da1b52d988e54f029347fe9e5b024282c9492cfc4d8a951cd93",
                "sha256:828ceb9a947be03dded59d7d44fa8629ab7fc32185e460ada6355d23412ced7c",
                "sha256:8746be2afafdab5ffc05094b0a954cea4f95bcc3e2bd48dce04b5e51063aeefb",
                "sha256:8b6e23ec767c8985a381869d3cb3935f8e67e57b80cbbdb5986329bb75f348b5",
                "sha256:8dc2232dd6918aa3f6be80c9c620ce0a0e361b1b979a49d1e3fa831af224e721",
                "sha256:9039bbcdb306b74542e36aa72fd3afa16db67516bbab65cbfd7ad10480b13c64",
                "sha256:918a97459df93a8984355f91886f29dc97ddef85dfff185b38b1b748512411a1",
                "sha256:939b819874903a689863f3a552a90e1742ac342cda80f5d3e8adb42e1729d37e",
                "sha256:940c193991eb12922f76c422946f6c3d30ad144233c0b49dfa48e132a445cbcb",
                "sha256:94c773c9fb3a90cb7e191087beb06fb49b8d0452fb0f1abf27e9c644b19a0557",
                "sha256:96070d1a1c0d908d65cd9765a7b63ecafa8ef52d7a6460dccdf4d1bd29ad98fd",
                "sha256:97a5424784b4c0989b2ec227ae000e80b293d7cc1bd3b02866d7943a3cf6b65c",
                "sha256:98e741e54b7e66a63d92af04193b9d819b8f29292ccfcfd2cc6eee67ab2469f1",
                "sha256:9d1c2766a63f1231119d6744502913e432c33aa0ceb6fabc536a4fbffcc90a46",
                "sha256:9e8c5d97068fb4a78f5bfe0f5d8fa365867f2431f399f5df9dd2b741558c3684",
                "sha256:9ea2f847e209a463387b8e8d6743b1cd929e60fdce85d8ab19022ba6678546c5",
                "sha256:a66a3ef2e58ac7eb8f96ae8ba8b9aec34d1446865faaeab86d3559b9a0d422aa",
                "sha256:a8aac56e669a733e03c81b2e015dcd8d287db716bf2c6c9a480c4227300a7c52",
                "sha256:a8cc52849264d3aa6e16c9daca95a02d59e9496c86f18def7131413cfba617cc",
                "sha256:b134a8f6fa42355baf6687c7c6890f82672de95ea44fdb59f99696087ec19439",
                "sha256:b42f81d9fd1c89fe57f17288032b93020eff9ece58a2b8fbea77fc60bc321c11",
                "sha256:b6463f3bc2a426703b2b259c1d6aaa73bd0c3fc85492c0f4d5dfd60658271ee9",
                "sha256:b714581e760c79ff990d8196bd0978d9246427a93eefb1f9f1087b88e17c594d",
                "sha256:ba530885bc063ad90e8dff6d7e4cb55e523213ca1815a41ccc67a2efb405ad3b",
                "sha256:c09cb048098396a3ece6afe032cfdca0bb0fa49d5fb6b146d762e2d45274abba",
                "sha256:c4c1e802c746679c765c780fb0dce82af1cc000bc0bea9c37bd4d6d295ddd339",
                "sha256:c7b39b572cd3d2c2b8c5753246a52eda3cf3360f49de95e3f671062acc6caaf4",
                "sha256:cab33decf636cebb20bf90563e89eb500ccfb758b0af19630ce149606f0b130f",
                "sha256:caf6ad0c8c0780d78c3f5eb270fb8aa5820cf423057d252a1de6a79b1f07e76b",
                "sha256:d0f56896b12f4276a77e774be560d00bd6b173af1a5554554ed86a288ff111a4",
                "sha256:d140a0a450813ef8658f2a87d5c7d9ea2fff3f8b8d80e7ac80061b21c6a733f0",
                "sha256:d17615b69f01a7db2bd4269e14fdad71bc7c3f08ca7a366914f85b08341953a0",
                "sha256:d3e14702351d7c844aaef5fe1ffc53f590e4e6a17b12836517f9771379b0da49",
                "sha256:d5cba3eab536188f16115ab6ea5de1e19440c35bb01c817388e3696b811bca21",
                "sha256:d6b247b22703d1989cb97a0b26485db7a3397322d3975c974c22e10a1592a414",
                "sha256:d9ad1515424b708608596a1bf314781d240f5b4fd934528d2bf0c9d7d0620e78",
                "sha256:dae722ee22c610243d6fade46ce04ab16a36862b3edc732a60ccc57a4e9c6af8",
                "sha256:db71d6ea4f2412b06bec7ed697dd2efe4f42ff953db58354364902d8f29587a4",
                "sha256:dd2c3a10c7d5d1ddb181121d7a038918408efb92206519428bcee6fe6a9fec30",
                "sha256:df4ba85d1c2361b2591d8b8c01740ed9803a7c32d706f1015446f5f382c4b8ec",
                "sha256:e0963497f51ff5aa73447173178daefff4a80e4165c2575d1357503c030f0a6b",
                "sha256:e21df20e8d8df9be6b33ed013852ba6a317d139d11647f8b241c894c8b76d523",
                "sha256:e48dd2f143f2236717a7604fed2dc2e078b96a0c3881e490f258a5f4bde11324",
                "sha256:e614c3d02693f2355c42638753c4de7f5682265691a8bd7fd7d7e1fb6372f7e2",
                "sha256:e8ecf0a10823ca4c90c42adb79478a845ea4979a751f32bc7cdb3b32e39e9c7f",
                "sha256:ede6b8eaeb73aff5714459cbf5c18345fc40ca90b1885bd7e5cf0c27d99f118a",
                "sha256:ef65c16113028688353b10d159b6f12a6a471890ea6aa466a0626cd11c9239a5",
                "sha256:f71e89af67e7eb8eed11178711cc23e151e29fe488017cfc56a0a644c5e5d19d",
                "sha256:f7e4be20d10ffd24723363d4796ea78371c73d961725d7663381bbfa07ad086a",
                "sha256:f87c9ed45e05fb9ad800560e3c063b1945cda981b6f92b1abfefb603b8f9113a",
                "sha256:feaf0ae11827a917cdb314f189c711e0fb2b677f4e69e2c61276a65f2209ac4e",
                "sha256:ff3e7e6a58892ee30f90507a4da1d316e0c3e8e3f1f70b694eeedc397a3d0802"
            ],
            "markers": "python_version >= '3.6'",
            "version": "==0.20.8"
        },
        "pyside6": {
            "hashes": [
                "sha256:03261b61652c0a45ccfb6f34cbbcb3449490926401e9e150b528a862a9f97a95",
                "sha256:357af1b85febe54f8c9c3b785ac8d869d40a024bded765525e46cd2b99f6b53a",
                "sha256:88ad906b21a6db13f5046ebec5247972cff5559aa6d462465600c8bc2655d491",
                "sha256:a5e56ce84db3453a1522d7bebaeb161f3c95fd5eeeb159f76e79615294772e8a",
                "sha256:c9674ccb1c36e60c458c4a14edbfecf72a331430e18501f7b667f9db496291df",
                "sha256:e0730024e682dd98ec3637432c98bf682bc8f3e64083acf681a62a1a1a9e2beb"
            ],
            "index": "pypi",
            "version": "==6.4.1"
        },
        "pyside6-addons": {
            "hashes": [
                "sha256:4530b6b46cec721eb0a3960f2cb618e17ef100ee5b0cbfa95201e87bd4a6b3e8",
                "sha256:509ae75aabaf191b07e8e1819efaba1a8bfeda692efbfb8eb5adbfcc8a534d35",
                "sha256:6174d39112ad3ec5fbc86aaaccda71756d8809e716a86bb09e38ed3dcae6d952",
                "sha256:91873aaefa01736bf39148b19fc62ab824000e9cdd1db9ebf98b5e0712f0f946",
                "sha256:aa87ade042bfde316479f2dddbc2c66000a0e65ff5bd24291375a21758e07d36",
                "sha256:d0daf2b685a28f51d2880478b1fd3441c943f8ecfbd41b7dbea3563eb78e8913"
            ],
            "markers": "python_version < '3.12' and python_version >= '3.7'",
            "version": "==6.4.1"
        },
        "pyside6-essentials": {
            "hashes": [
                "sha256:0d3052ab72daebc15381fb095b673dd75cf4d2f1dc8680b7aabe27537cdde352",
                "sha256:3b36d605f28b742dfc676816d440ba6baa51c6f31dd2dbf3a44e28edcf006523",
                "sha256:457d73bb38cf7fb573a24da00ecb9aa7b8cf6a4cb5cc8ffcce2c241502a6e774",
                "sha256:4cade08b091a128ca5567a8d23fd25b1825dc18648cfb71dd002f0935ee4c3cc",
                "sha256:aadd06c09dc51e5894d2fce70210906ce7d981686ceddfff69c47e4227bc1706",
                "sha256:f980e9c8ee9b2304d6c71e499e96f351c82e28cbfcf6cc6cde0feffd706af330"
            ],
            "markers": "python_version < '3.12' and python_version >= '3.7'",
            "version": "==6.4.1"
        },
        "python-levenshtein": {
            "hashes": [
                "sha256:a932f149c72d2707963947ba9df9729ac36983d2e9db4eb93e4d5b69a8899070",
                "sha256:c2d68fc480394ef87e20097d9c1605ae101340f0a8060c518eacd2e634b190f8"
            ],
            "index": "pypi",
            "version": "==0.20.8"
        },
        "rapidfuzz": {
            "hashes": [
                "sha256:09367abf1490bbd7138fb883df9d811b12b2c409b50ae62360e44df84a4d515a",
                "sha256:0d0d68bf0c53ff954e03a2da457989e065da52069ca649960f9d6830172fc607",
                "sha256:0d1d22fed68976377a376afa8fdbc0f2353e4b16f3c490574e2ee2b0f90d1d86",
                "sha256:0dfe6bf7b193db6b88c49124c065834a051d3a007da7d752b7cb488473965eb0",
                "sha256:12ccc0633bc6f95d3cc10acec9ab61aabc0b8c7742f0e829c29afa1cd465b434",
                "sha256:14ffbe50d2f61d6071d696cf9282d2961596885a4c5a27355bf78b296a66230e",
                "sha256:15bad0c24a08ef7b87138317a1c0c9b54c577ad2c2671a82d89d5f2e35a7b372",
                "sha256:16dd88b64a4e11b1a8fc84a9db7a017f7175620a3cf7304dfad59add4ef85c23",
                "sha256:19d872bb8fc106cfabe5f0e8fc2e23911e336823d4c326f4186f2b0a7f5ec0a4",
                "sha256:1a7a1069a81c1fae5903d4d7ff80de723f3a492635a0e40699491460a5ba84fe",
                "sha256:1aa89d2a02af1552370d64aaa971094d458c1cf53dbe3e4b09b68c8811312433",
                "sha256:1ae63571508ea8f8e85616f99ac6c843070d75de4dbefdb87d49fb24b441e2c1",
                "sha256:1f85b751e0c0a5d5fbe9d327e53446c2cfae0e77b16600ff4854671f4f9237a5",
                "sha256:23284face05d384e2c273da005e6dee9efebbb5c51d5e924b9114bafbb53d3db",
                "sha256:24709358f4bec9a5a1cb0417edc8fc8ec8161b86d546b98c6cecc647bce967cf",
                "sha256:260be139930db7e864e47518853476f92994ec78a83a1236805e527c52bcae55",
                "sha256:2a422aee665b096bd5b02883ae1528d3e5e484069925d54e99db7233852fd1de",
                "sha256:2afc8811fbdb7b8ca43fd34007d96a4e90ea42dd15afd22220c5072e022fca71",
                "sha256:2b9ec944bf3bc916a70845e83063926b91709c399041d564a50d68e62c606e74",
                "sha256:2d25ba295cc3c27c43fe4cbba6010407da70e240c18df979012cb6ebd70b8ab8",
                "sha256:34c34bb779238196690fca8c413ab9047481e3c8b10e5a99877d6c3769459764",
                "sha256:35a8a0cde5d46f0e81771ef7723c235993ea2f3da53ab91c35b82101437f4b61",
                "sha256:42a0c8589f1842486c1d7f2c9a58b2e30a723094e069123984fe0b05efcfa616",
                "sha256:4414cb19bdaec7ee52bd17cac1b47baf4c1bb3e3e1ad6aead032296fdfa14603",
                "sha256:49d10f5e330f3fd8871f19ccfafeeaa595f7f8b74adb669bf637c619f2795810",
                "sha256:5091b4139849971d9b101fe844d4a4306f1ac314371215db3ce652772811ecbe",
                "sha256:5179cbdcb97638d8ad4b2a638f76fc20bdef54c3f32879756bf56ed38f9199ad",
                "sha256:52f2c6ea7c6ebc09b7a09f707273e7c8cb590f89093bc1de9c93ebe7f4ecfd95",
                "sha256:5378b8711ae9ec8ba4eb5476afcc599e4bdfe73374084544abc9b6f984c013d3",
                "sha256:5721bfa91ccd4d2e48787913a64a084ded44a7e488f17f728bb0b1dc2c7f1acd",
                "sha256:5823b99277cf51ff7abb668d02bfa1b97a77e77317a06a0bca431a4a85f3bc26",
                "sha256:5c4dabaa257efe1eec1cafa59612dbc142e9c81356d345ad5828046cb745304b",
                "sha256:5d1cd7a7f36f1dfa0923d520390b168e09e9ac2ff14e2f33637c9240f20b3c8d",
                "sha256:63ccbe0231b3f0c31db5532d7e9b15b9d7ee4bd6fba18b1beb68ee7d4f05d1e0",
                "sha256:65379a26e0a042f3b5935d6178aaed499f434f73affb01893b9890c91d771a7d",
                "sha256:6569a14ed01dc2ee2f915b97bbbf9290d924461e15f31df9e770dfab9c64b42e",
                "sha256:699ad346ca8e462808eb48493f9b28d82447e329bc68f6bea1f1b41615578a03",
                "sha256:6b101b1eddededbfe31e9eaed63ad64fa099f14ad6bc9850d4a337ffbb0c4566",
                "sha256:6da83fe0ea10fb21988b80ea38949f1d5a968b0591c112c30a9c763d188b8c45",
                "sha256:74b498cac37ba66d72f77425cdadb0dd269495b28543bce8f8090f28086faaf5",
                "sha256:79812801626291f9ca6abbf89dfb1ca17e8165b5cf8af4656985be30142b758f",
                "sha256:7e0cd251529781d94703f8448fa8f43a051357c4f75839332b878ed13dccab19",
                "sha256:7f2799e9b7fea1c42f36d1132ba2bf265724161a57f037b085aee91fe851d0ae",
                "sha256:80f6651db489e9ecd2b3ff9aee966b10cfc8f69591450694b2f362e13a5fe085",
                "sha256:83174ddf6b692ec762ad51afa097fe8fbb3e28ce72a1e1a835f196dbabdf26d5",
                "sha256:845c5394cfc7e7522f66aa68e740115e81e86530010107aabfbd611eee17b7d1",
                "sha256:86767725208a2b76a0d8e338643260765435b9e7241896b5fb66d3dc1dace79b",
                "sha256:881f1a3ad1bdab5e907ff0b33a8c0c8f8155ff364018fe82c09f6eddebaf9ba8",
                "sha256:88476cfeaa74e63cfdc8de9f1b28b7a76d951ce663c077a0f03076b9865052c6",
                "sha256:8a19a644f8abf265a30b7787bd16b2845b75f6925c21ef9a1745415ec79f740a",
                "sha256:8aee1deaec703a51fdf17d3d349c6b714b43bf56fe8d4c2157ebd985710f0eda",
                "sha256:8e4b8e1c686737a229a53df21486dc040a5b62453a0f6bf3839d92d5f21a0d25",
                "sha256:905c0f4304ea168cdc470e99496541dca1fdff084c22acb91a85ecdaa97986bf",
                "sha256:920c332777bac28b82be2a3d9e2c204c2b64783f15ba263c3c2551b4aa389624",
                "sha256:948445a054d9fb30a93597c325d8836232bd68e61443a88779a57702aa35a007",
                "sha256:96c93f15b578e0332345a32035836034b66e3a8f10e62b6cca79d9ba25bf0bd2",
                "sha256:9e7ab10f6cbcf3b2b48f843a52d5dcd0a490b3dc76d5db80489032a853573a2f",
                "sha256:a0350caf368aa58b598276e85b5109bb4d3262a7089beddcf45d9e2bdc219415",
                "sha256:a52177ee3d48c1d27bae3d010c0e96890deabf65435c2654006907946e29d97f",
                "sha256:a94ee9e7cd72111e69bff72e024c08bac53813e8e7f1f5bc8b0795e8f8995191",
                "sha256:ad87d5accb542d19dc755a73cf1b3d332d639743b18d62c694c566229235d71a",
                "sha256:b18fcc28123040a867f980f4e41431b0227e1b861b8ea7303c92d3210f2f9561",
                "sha256:b4e6ca42666119350811fdf119aa82ad0539fd21f3daa6533a478bc0df650b3f",
                "sha256:ba102a2fb37b1db698016aa7a8b9bfe1c7e610d333a6e69737edc296c1a40b91",
                "sha256:ba8770c9436d08300a56781cacf84526912841927265a8feb61f0bc7547869b9",
                "sha256:bff8930ffcf6fe973b6ac08884e4553e8e7505e67de4047eeda46cb4973eb88d",
                "sha256:c693b9c7a8b34cae92868c2c0c42d6fd87c3b8abd9586b7e880bb0a01e85659b",
                "sha256:c6de2e6bdf16ae2acf4b49892b19e87fcf09b428b9d2343e58537ca0ae1320ae",
                "sha256:cade0fd49d2b04fd21736e9dc20b10047cd5eb9e842f950c7ebc00531c595145",
                "sha256:cb7809423c7146479a1d77d5a74cb4fe1b6dffbb6423c9a1a49f69906552929c",
                "sha256:cda615c49e8bc990972b47cb7788fae8230b07449a38ba99192d74ebd525d5e7",
                "sha256:cdfed7427c459be870ab13b4b17c254598500074079cec32475a46249d57b18b",
                "sha256:d2c2d05ed5ae8bf7b57366255f85bdea5420ce5ce32c898bf44bfaf55c043ece",
                "sha256:d62fffd06f6dd29873e2d901f5fcc3e2391dbaa3c8f38fe351556288004baa2c",
                "sha256:d7812ad1ff06a570a6e0e5f1aceee673e7dd5db2c304d34aeebac0e5828291be",
                "sha256:db38d0fb8a2f317b34adf0d418d1d0f3ef0eeb3543bfda0058abf34a506992c5",
                "sha256:df794809b916ab868b3fb0fc8ffa14ad8ae9deb0fbcc7f697ea900512024b4c8",
                "sha256:e5f5e3eeb6816f98973428582b27a8d709e2e4f240165c59b9bfaf564a4d94c4",
                "sha256:e791d829c2251a721aae9d5b99d4efa4a3f7d7fbe32564ddd9631188a241826f",
                "sha256:ea23efde72c7d9a6170c2fe772a5be9ea1fafcf88cb11d935fbc665d2c48a36c",
                "sha256:ea5282cc6939c7f1b75d2d95906cd6b0f90c9171e08f74ff7ecee806da2e4f61",
                "sha256:eae455a63882a95b976180ddb14588d42c78641047bf3f61f445e7be39a85508",
                "sha256:ee32c175c41f02805b02b04818f3a0b4d7145043ad1b6788b5927e43675491b0",
                "sha256:f162ab51e912d7615b5352ee79f1c1fd009a7f6a20ecc44238e2d594cab8c4cb",
                "sha256:f4a5cf45f5ced9a02d04a850d71b584b3ab248e72c560d8cea9eb1ac67c51172",
                "sha256:fa0d33447bac6280c7deb02186349546404f387906fb4408186079852545c8de",
                "sha256:fa37236d6a65b757145c4df7ed34b4ada7706ea5683c985c2024532b2e4f8649",
                "sha256:fb08f48c11d37c0f6121d862e9e9567d3ba6dc22ff2f3aa6c20c8c5f38d6aa9f",
                "sha256:fea337f4face310917dbf1e321eb4b1392c02267af6edb0e9bba7fa04cb8711d"
            ],
            "markers": "python_version >= '3.7'",
            "version": "==2.13.6"
        },
        "requests": {
            "hashes": [
                "sha256:7c5599b102feddaa661c826c56ab4fee28bfd17f5abca1ebbe3e7f19d7c97983",
                "sha256:8fefa2a1a1365bf5520aac41836fbee479da67864514bdb821f31ce07ce65349"
            ],
            "index": "pypi",
            "version": "==2.28.1"
        },
        "shiboken6": {
            "hashes": [
                "sha256:1c3efc307ed20bf9cea5ceafc089032b33aba95297f70e469b5a19f1070eb1e8",
                "sha256:41e67b67f65626bdd909f9c5fd5f80231ee6ae43418b331590ba225b3cfabd5b",
                "sha256:44f81fe7faa4ee3a313e687c8a4852bba454116822e76f80339b2aa0512cfc6a",
                "sha256:6d61061df739e5ed9595f925e4d1de9c98bdabb995ee29d0be88a873a6171e85",
                "sha256:7cee2cb6becd29e55913468602fa90554895ad38448d57f1d2ebe681014b087d",
                "sha256:ed6158e8abe4a28530fba27c367dd78038d338f27d44cc8b863cf1fdb8977f2e"
            ],
            "markers": "python_version < '3.12' and python_version >= '3.7'",
            "version": "==6.4.1"
        },
        "soupsieve": {
            "hashes": [
                "sha256:3b2503d3c7084a42b1ebd08116e5f81aadfaea95863628c80a3b774a11b7c759",
                "sha256:fc53893b3da2c33de295667a0e19f078c14bf86544af307354de5fcf12a3f30d"
            ],
            "markers": "python_version >= '3.6'",
            "version": "==2.3.2.post1"
        },
        "thefuzz": {
            "hashes": [
                "sha256:4fcdde8e40f5ca5e8106bc7665181f9598a9c8b18b0a4d38c41a095ba6788972",
                "sha256:6f7126db2f2c8a54212b05e3a740e45f4291c497d75d20751728f635bb74aa3d"
            ],
            "index": "pypi",
            "version": "==0.19.0"
        },
        "urllib3": {
            "hashes": [
                "sha256:47cc05d99aaa09c9e72ed5809b60e7ba354e64b59c9c173ac3018642d8bb41fc",
                "sha256:c083dd0dce68dbfbe1129d5271cb90f9447dea7d52097c6e0126120c521ddea8"
            ],
            "markers": "python_version >= '2.7' and python_version not in '3.0, 3.1, 3.2, 3.3, 3.4, 3.5'",
            "version": "==1.26.13"
        }
    },
    "develop": {}
}
